PODS:
  - device_info_plus (0.0.1):
    - Flutter
  - device_uuid (0.0.1):
    - Flutter
    - XYUUID
  - Flutter (1.0.0)
  - GoogleDataTransport (9.4.1):
    - GoogleUtilities/Environment (~> 7.7)
    - nanopb (< 2.30911.0, >= 2.30908.0)
    - PromisesObjC (< 3.0, >= 1.2)
  - GoogleMLKit/BarcodeScanning (4.0.0):
    - GoogleMLKit/MLKitCore
    - MLKitBarcodeScanning (~> 3.0.0)
  - GoogleMLKit/MLKitCore (4.0.0):
    - MLKitCommon (~> 9.0.0)
  - GoogleToolboxForMac/DebugUtils (2.3.2):
    - GoogleToolboxForMac/Defines (= 2.3.2)
  - GoogleToolboxForMac/Defines (2.3.2)
  - GoogleToolboxForMac/Logger (2.3.2):
    - GoogleToolboxForMac/Defines (= 2.3.2)
  - "GoogleToolboxForMac/NSData+zlib (2.3.2)":
    - GoogleToolboxForMac/Defines (= 2.3.2)
  - "GoogleToolboxForMac/NSDictionary+URLArguments (2.3.2)":
    - GoogleToolboxForMac/DebugUtils (= 2.3.2)
    - GoogleToolboxForMac/Defines (= 2.3.2)
    - "GoogleToolboxForMac/NSString+URLArguments (= 2.3.2)"
  - "GoogleToolboxForMac/NSString+URLArguments (2.3.2)"
  - GoogleUtilities/Environment (7.13.0):
    - GoogleUtilities/Privacy
    - PromisesObjC (< 3.0, >= 1.2)
  - GoogleUtilities/Logger (7.13.0):
    - GoogleUtilities/Environment
    - GoogleUtilities/Privacy
  - GoogleUtilities/Privacy (7.13.0)
  - GoogleUtilities/UserDefaults (7.13.0):
    - GoogleUtilities/Logger
    - GoogleUtilities/Privacy
  - GoogleUtilitiesComponents (1.1.0):
    - GoogleUtilities/Logger
  - gt3_flutter_plugin (0.0.9):
    - Flutter
    - GT3Captcha-iOS
  - GT3Captcha-iOS (0.15.8.4)
  - GTMSessionFetcher/Core (2.3.0)
  - image_picker_ios (0.0.1):
    - Flutter
  - local_auth_ios (0.0.1):
    - Flutter
  - MLImage (1.0.0-beta4)
  - MLKitBarcodeScanning (3.0.0):
    - MLKitCommon (~> 9.0)
    - MLKitVision (~> 5.0)
  - MLKitCommon (9.0.0):
    - GoogleDataTransport (~> 9.0)
    - GoogleToolboxForMac/Logger (~> 2.1)
    - "GoogleToolboxForMac/NSData+zlib (~> 2.1)"
    - "GoogleToolboxForMac/NSDictionary+URLArguments (~> 2.1)"
    - GoogleUtilities/UserDefaults (~> 7.0)
    - GoogleUtilitiesComponents (~> 1.0)
    - GTMSessionFetcher/Core (< 3.0, >= 1.1)
  - MLKitVision (5.0.0):
    - GoogleToolboxForMac/Logger (~> 2.1)
    - "GoogleToolboxForMac/NSData+zlib (~> 2.1)"
    - GTMSessionFetcher/Core (< 3.0, >= 1.1)
    - MLImage (= 1.0.0-beta4)
    - MLKitCommon (~> 9.0)
  - mobile_scanner (3.5.5):
    - Flutter
    - GoogleMLKit/BarcodeScanning (~> 4.0.0)
  - nanopb (2.30910.0):
    - nanopb/decode (= 2.30910.0)
    - nanopb/encode (= 2.30910.0)
  - nanopb/decode (2.30910.0)
  - nanopb/encode (2.30910.0)
  - package_info_plus (0.4.5):
    - Flutter
  - path_provider_foundation (0.0.1):
    - Flutter
    - FlutterMacOS
  - PromisesObjC (2.4.0)
  - shared_preferences_foundation (0.0.1):
    - Flutter
    - FlutterMacOS
  - sqflite (0.0.3):
    - Flutter
    - FlutterMacOS
  - url_launcher_ios (0.0.1):
    - Flutter
  - webview_flutter_wkwebview (0.0.1):
    - Flutter
  - XYUUID (1.0.0)
  - Zendesk (1.9.0):
    - ZendeskSDKConversationKit (~> 1.7.0)
    - ZendeskSDKCoreUtilities (~> 1.1.0)
  - zendesk_helpcenter (0.0.1):
    - Flutter
    - ZendeskSDKMessaging (= 2.9.0)
    - ZendeskSupportSDK
  - ZendeskCommonUISDK (9.0.1)
  - ZendeskCoreSDK (5.0.2)
  - ZendeskMessagingAPISDK (6.0.0):
    - ZendeskSDKConfigurationsSDK (~> 4.0.0)
  - ZendeskMessagingSDK (6.0.1):
    - ZendeskCommonUISDK (~> 9.0.1)
    - ZendeskMessagingAPISDK (~> 6.0.0)
  - ZendeskSDKConfigurationsSDK (4.0.0)
  - ZendeskSDKConversationKit (1.7.0):
    - ZendeskSDKCoreUtilities (~> 1.1.0)
    - ZendeskSDKFayeClient (~> 1.2.0)
    - ZendeskSDKHTTPClient (~> 0.10.0)
    - ZendeskSDKStorage (~> 0.5.0)
  - ZendeskSDKCoreUtilities (1.1.0)
  - ZendeskSDKFayeClient (1.2.0):
    - ZendeskSDKLogger (~> 0.5.0)
    - ZendeskSDKSocketClient (~> 1.2.0)
  - ZendeskSDKHTTPClient (0.10.0):
    - ZendeskSDKLogger (~> 0.5.0)
  - ZendeskSDKLogger (0.5.0)
  - ZendeskSDKMessaging (2.9.0):
    - Zendesk (~> 1.9.0)
    - ZendeskSDKConversationKit (~> 1.7.0)
    - ZendeskSDKCoreUtilities (~> 1.1.0)
    - ZendeskSDKUIComponents (~> 2.4.0)
  - ZendeskSDKSocketClient (1.2.0):
    - ZendeskSDKLogger (~> 0.5.0)
  - ZendeskSDKStorage (0.5.0):
    - ZendeskSDKLogger (~> 0.5.0)
  - ZendeskSDKUIComponents (2.4.0)
  - ZendeskSupportProvidersSDK (8.0.2):
    - ZendeskCoreSDK (~> 5.0.2)
  - ZendeskSupportSDK (8.0.2):
    - ZendeskMessagingSDK (~> 6.0.1)
    - ZendeskSupportProvidersSDK (~> 8.0.2)

DEPENDENCIES:
  - device_info_plus (from `.symlinks/plugins/device_info_plus/ios`)
  - device_uuid (from `.symlinks/plugins/device_uuid/ios`)
  - Flutter (from `Flutter`)
  - gt3_flutter_plugin (from `.symlinks/plugins/gt3_flutter_plugin/ios`)
  - image_picker_ios (from `.symlinks/plugins/image_picker_ios/ios`)
  - local_auth_ios (from `.symlinks/plugins/local_auth_ios/ios`)
  - mobile_scanner (from `.symlinks/plugins/mobile_scanner/ios`)
  - package_info_plus (from `.symlinks/plugins/package_info_plus/ios`)
  - path_provider_foundation (from `.symlinks/plugins/path_provider_foundation/darwin`)
  - shared_preferences_foundation (from `.symlinks/plugins/shared_preferences_foundation/darwin`)
  - sqflite (from `.symlinks/plugins/sqflite/darwin`)
  - url_launcher_ios (from `.symlinks/plugins/url_launcher_ios/ios`)
  - webview_flutter_wkwebview (from `.symlinks/plugins/webview_flutter_wkwebview/ios`)
  - zendesk_helpcenter (from `.symlinks/plugins/zendesk_helpcenter/ios`)

SPEC REPOS:
  trunk:
    - GoogleDataTransport
    - GoogleMLKit
    - GoogleToolboxForMac
    - GoogleUtilities
    - GoogleUtilitiesComponents
    - GT3Captcha-iOS
    - GTMSessionFetcher
    - MLImage
    - MLKitBarcodeScanning
    - MLKitCommon
    - MLKitVision
    - nanopb
    - PromisesObjC
    - XYUUID
    - Zendesk
    - ZendeskCommonUISDK
    - ZendeskCoreSDK
    - ZendeskMessagingAPISDK
    - ZendeskMessagingSDK
    - ZendeskSDKConfigurationsSDK
    - ZendeskSDKConversationKit
    - ZendeskSDKCoreUtilities
    - ZendeskSDKFayeClient
    - ZendeskSDKHTTPClient
    - ZendeskSDKLogger
    - ZendeskSDKMessaging
    - ZendeskSDKSocketClient
    - ZendeskSDKStorage
    - ZendeskSDKUIComponents
    - ZendeskSupportProvidersSDK
    - ZendeskSupportSDK

EXTERNAL SOURCES:
  device_info_plus:
    :path: ".symlinks/plugins/device_info_plus/ios"
  device_uuid:
    :path: ".symlinks/plugins/device_uuid/ios"
  Flutter:
    :path: Flutter
  gt3_flutter_plugin:
    :path: ".symlinks/plugins/gt3_flutter_plugin/ios"
  image_picker_ios:
    :path: ".symlinks/plugins/image_picker_ios/ios"
  local_auth_ios:
    :path: ".symlinks/plugins/local_auth_ios/ios"
  mobile_scanner:
    :path: ".symlinks/plugins/mobile_scanner/ios"
  package_info_plus:
    :path: ".symlinks/plugins/package_info_plus/ios"
  path_provider_foundation:
    :path: ".symlinks/plugins/path_provider_foundation/darwin"
  shared_preferences_foundation:
    :path: ".symlinks/plugins/shared_preferences_foundation/darwin"
  sqflite:
    :path: ".symlinks/plugins/sqflite/darwin"
  url_launcher_ios:
    :path: ".symlinks/plugins/url_launcher_ios/ios"
  webview_flutter_wkwebview:
    :path: ".symlinks/plugins/webview_flutter_wkwebview/ios"
  zendesk_helpcenter:
    :path: ".symlinks/plugins/zendesk_helpcenter/ios"

SPEC CHECKSUMS:
  device_info_plus: c6fb39579d0f423935b0c9ce7ee2f44b71b9fce6
  device_uuid: 1673ecd99e9ae7a1508120f378158c85ecd708a6
  Flutter: f04841e97a9d0b0a8025694d0796dd46242b2854
  GoogleDataTransport: 6c09b596d841063d76d4288cc2d2f42cc36e1e2a
  GoogleMLKit: 2bd0dc6253c4d4f227aad460f69215a504b2980e
  GoogleToolboxForMac: 8bef7c7c5cf7291c687cf5354f39f9db6399ad34
  GoogleUtilities: d053d902a8edaa9904e1bd00c37535385b8ed152
  GoogleUtilitiesComponents: 679b2c881db3b615a2777504623df6122dd20afe
  gt3_flutter_plugin: 5bd2c08d3c19cbb6ee3b08f4358439e54c8ab2ee
  GT3Captcha-iOS: 3e7737ece3b2210ba19802be381b9aa88007f045
  GTMSessionFetcher: 3a63d75eecd6aa32c2fc79f578064e1214dfdec2
  image_picker_ios: 99dfe1854b4fa34d0364e74a78448a0151025425
  local_auth_ios: 1ba1475238daa33a6ffa2a29242558437be435ac
  MLImage: 7bb7c4264164ade9bf64f679b40fb29c8f33ee9b
  MLKitBarcodeScanning: 04e264482c5f3810cb89ebc134ef6b61e67db505
  MLKitCommon: c1b791c3e667091918d91bda4bba69a91011e390
  MLKitVision: 8baa5f46ee3352614169b85250574fde38c36f49
  mobile_scanner: 202ab6f652e40a9add68b10de4c4fb2a745c4348
  nanopb: 438bc412db1928dac798aa6fd75726007be04262
  package_info_plus: 115f4ad11e0698c8c1c5d8a689390df880f47e85
  path_provider_foundation: 3784922295ac71e43754bd15e0653ccfd36a147c
  PromisesObjC: f5707f49cb48b9636751c5b2e7d227e43fba9f47
  shared_preferences_foundation: b4c3b4cddf1c21f02770737f147a3f5da9d39695
  sqflite: 673a0e54cc04b7d6dba8d24fb8095b31c3a99eec
  url_launcher_ios: bbd758c6e7f9fd7b5b1d4cde34d2b95fcce5e812
  webview_flutter_wkwebview: 4f3e50f7273d31e5500066ed267e3ae4309c5ae4
  XYUUID: 9a2483143d14fc5204b619042ca65073df9fbd88
  Zendesk: ae0ba9dee76da8aabdbc0f98517e003cca67703c
  zendesk_helpcenter: 0a79e2db912af603fe7e85074abc192ee71a48c3
  ZendeskCommonUISDK: 720e6e34eff34ddae5feb1935f788a0893eaf672
  ZendeskCoreSDK: 43f20009b1d4e739219874e449be85e4fe7feb46
  ZendeskMessagingAPISDK: 9ce539eebcaa014fe6acc44da31262a2c52891c1
  ZendeskMessagingSDK: d0f65229188cb4936a56be6707992a2511b5175b
  ZendeskSDKConfigurationsSDK: 79c444da987390456ec05657ffa2f5ca0eb54aef
  ZendeskSDKConversationKit: 5ece8f13e6aaa182c913ec2561eeb5b546dc66bf
  ZendeskSDKCoreUtilities: 441c504f89b67f091f9648d362d40a4abbb6005b
  ZendeskSDKFayeClient: c1d4b9973cdf999c7a717c981c4cd4c6e1186f93
  ZendeskSDKHTTPClient: c39c4ed8864241ebe2fe0c043800fb53f8726f1f
  ZendeskSDKLogger: 9d80689480792be806f3c777124c87bbaed9394f
  ZendeskSDKMessaging: 41d5ebbc4e44f40311e6ef8bfc13d6a0cd9f7a52
  ZendeskSDKSocketClient: 4c11b499acc0c4abe55c5574a74ff8135b7b7624
  ZendeskSDKStorage: be97db5c9418cecbd15e1b24b732cc0e8e10a991
  ZendeskSDKUIComponents: 4a21eafb35f5690b5a3bd6681cf0376b38c1c4c8
  ZendeskSupportProvidersSDK: e105e358a6bb7b1dc22d4b45415d54826c0d7529
  ZendeskSupportSDK: d87fcb1cfae0ef45ede384c635cc207f18ae8431

PODFILE CHECKSUM: 7be2f5f74864d463a8ad433546ed1de7e0f29aef

COCOAPODS: 1.15.0
